
Microsoft Visual Studio Solution File, Format Version 12.00
# Visual Studio 15
VisualStudioVersion = 15.0.27130.2027
MinimumVisualStudioVersion = 10.0.40219.1
Project("{9A19103F-16F7-4668-BE54-9A1E7A4F7556}") = "Task01_HelloBigData", "src\Task01_HelloBigData\Task01_HelloBigData.csproj", "{408B1241-D364-4E88-830C-8D0E147DFAB1}"
EndProject
Project("{2150E333-8FDC-42A3-9474-1A3956D46DE8}") = "Solution Items", "Solution Items", "{937093AA-6CBC-4E4D-93AB-988ECA2C3BBD}"
	ProjectSection(SolutionItems) = preProject
		Resources\BDLearningCourse.md = Resources\BDLearningCourse.md
		Resources\ExternalSystems.md = Resources\ExternalSystems.md
		README.md = README.md
	EndProjectSection
EndProject
Project("{FAE04EC0-301F-11D3-BF4B-00C04F79EFBC}") = "Task02_SQLite", "src\Task02_SQLite\Task02_SQLite.csproj", "{BEF0DC96-27B6-403D-9952-15B4A80F36EA}"
EndProject
Project("{9A19103F-16F7-4668-BE54-9A1E7A4F7556}") = "Task03_PolarDB", "src\Task03_PolarDB\Task03_PolarDB.csproj", "{530E12B4-9E8D-478B-8A27-390296BB862B}"
EndProject
Project("{9A19103F-16F7-4668-BE54-9A1E7A4F7556}") = "Task04_Sequenses", "src\Task04_Sequenses\Task04_Sequenses.csproj", "{1A0E943E-91D6-4A34-8693-20F5F01B376C}"
EndProject
Global
	GlobalSection(SolutionConfigurationPlatforms) = preSolution
		Debug|Any CPU = Debug|Any CPU
		Release|Any CPU = Release|Any CPU
	EndGlobalSection
	GlobalSection(ProjectConfigurationPlatforms) = postSolution
		{408B1241-D364-4E88-830C-8D0E147DFAB1}.Debug|Any CPU.ActiveCfg = Debug|Any CPU
		{408B1241-D364-4E88-830C-8D0E147DFAB1}.Debug|Any CPU.Build.0 = Debug|Any CPU
		{408B1241-D364-4E88-830C-8D0E147DFAB1}.Release|Any CPU.ActiveCfg = Release|Any CPU
		{408B1241-D364-4E88-830C-8D0E147DFAB1}.Release|Any CPU.Build.0 = Release|Any CPU
		{BEF0DC96-27B6-403D-9952-15B4A80F36EA}.Debug|Any CPU.ActiveCfg = Debug|Any CPU
		{BEF0DC96-27B6-403D-9952-15B4A80F36EA}.Debug|Any CPU.Build.0 = Debug|Any CPU
		{BEF0DC96-27B6-403D-9952-15B4A80F36EA}.Release|Any CPU.ActiveCfg = Release|Any CPU
		{BEF0DC96-27B6-403D-9952-15B4A80F36EA}.Release|Any CPU.Build.0 = Release|Any CPU
		{530E12B4-9E8D-478B-8A27-390296BB862B}.Debug|Any CPU.ActiveCfg = Debug|Any CPU
		{530E12B4-9E8D-478B-8A27-390296BB862B}.Debug|Any CPU.Build.0 = Debug|Any CPU
		{530E12B4-9E8D-478B-8A27-390296BB862B}.Release|Any CPU.ActiveCfg = Release|Any CPU
		{530E12B4-9E8D-478B-8A27-390296BB862B}.Release|Any CPU.Build.0 = Release|Any CPU
		{1A0E943E-91D6-4A34-8693-20F5F01B376C}.Debug|Any CPU.ActiveCfg = Debug|Any CPU
		{1A0E943E-91D6-4A34-8693-20F5F01B376C}.Debug|Any CPU.Build.0 = Debug|Any CPU
		{1A0E943E-91D6-4A34-8693-20F5F01B376C}.Release|Any CPU.ActiveCfg = Release|Any CPU
		{1A0E943E-91D6-4A34-8693-20F5F01B376C}.Release|Any CPU.Build.0 = Release|Any CPU
	EndGlobalSection
	GlobalSection(SolutionProperties) = preSolution
		HideSolutionNode = FALSE
	EndGlobalSection
	GlobalSection(ExtensibilityGlobals) = postSolution
		SolutionGuid = {CA352E07-E3CC-4D1E-BBDA-8D7555927EB6}
	EndGlobalSection
EndGlobal
